// !$*UTF8*$!
{
	archiveVersion = 1;
	classes = {
	};
	objectVersion = 46;
	objects = {

/* Begin PBXBuildFile section */
		7A1F5904144797ED0095C33A /* Cocoa.framework in Frameworks */ = {isa = PBXBuildFile; fileRef = 7A1F5903144797ED0095C33A /* Cocoa.framework */; };
		7A1F5912144798A40095C33A /* OCAutopair.m in Sources */ = {isa = PBXBuildFile; fileRef = 7A1F5911144798A40095C33A /* OCAutopair.m */; };
		7A55E273144DF9B90053EE28 /* OCAutopairPreferences.xib in Resources */ = {isa = PBXBuildFile; fileRef = 7A55E271144DF9B90053EE28 /* OCAutopairPreferences.xib */; };
		7A95F51815F80E1A009A6DCE /* Localizable.strings in Resources */ = {isa = PBXBuildFile; fileRef = 7A95F51615F80E1A009A6DCE /* Localizable.strings */; };
		7AC3643E192D12FE0082ABBD /* OCAutodelete.m in Sources */ = {isa = PBXBuildFile; fileRef = 7AC3643D192D12FE0082ABBD /* OCAutodelete.m */; };
		7AEBDCB715F9264700C0006B /* OCAutoclose.m in Sources */ = {isa = PBXBuildFile; fileRef = 7AEBDCB615F9264700C0006B /* OCAutoclose.m */; };
/* End PBXBuildFile section */

/* Begin PBXFileReference section */
		7A1F5900144797ED0095C33A /* Autopair.sugar */ = {isa = PBXFileReference; explicitFileType = wrapper.cfbundle; includeInIndex = 0; path = Autopair.sugar; sourceTree = BUILT_PRODUCTS_DIR; };
		7A1F5903144797ED0095C33A /* Cocoa.framework */ = {isa = PBXFileReference; lastKnownFileType = wrapper.framework; name = Cocoa.framework; path = System/Library/Frameworks/Cocoa.framework; sourceTree = SDKROOT; };
		7A1F5907144797EE0095C33A /* Prefix.pch */ = {isa = PBXFileReference; lastKnownFileType = sourcecode.c.h; path = Prefix.pch; sourceTree = "<group>"; };
		7A1F5908144797EE0095C33A /* Info.plist */ = {isa = PBXFileReference; lastKnownFileType = text.plist.xml; path = Info.plist; sourceTree = "<group>"; };
		7A1F5910144798A40095C33A /* OCAutopair.h */ = {isa = PBXFileReference; fileEncoding = 4; lastKnownFileType = sourcecode.c.h; name = OCAutopair.h; path = Classes/OCAutopair.h; sourceTree = "<group>"; };
		7A1F5911144798A40095C33A /* OCAutopair.m */ = {isa = PBXFileReference; fileEncoding = 4; lastKnownFileType = sourcecode.c.objc; name = OCAutopair.m; path = Classes/OCAutopair.m; sourceTree = "<group>"; };
		7A55E272144DF9B90053EE28 /* English */ = {isa = PBXFileReference; lastKnownFileType = file.xib; name = English; path = English.lproj/OCAutopairPreferences.xib; sourceTree = "<group>"; };
		7A6195E31ADF1C27009DAD99 /* Scripts */ = {isa = PBXFileReference; lastKnownFileType = folder; path = Scripts; sourceTree = "<group>"; };
		7A95F51715F80E1A009A6DCE /* English */ = {isa = PBXFileReference; lastKnownFileType = text.plist.strings; name = English; path = English.lproj/Localizable.strings; sourceTree = "<group>"; };
		7A95F51915F8101B009A6DCE /* ContextualSettings */ = {isa = PBXFileReference; lastKnownFileType = folder; path = ContextualSettings; sourceTree = "<group>"; };
		7A95F51A15F8101B009A6DCE /* TextActions */ = {isa = PBXFileReference; lastKnownFileType = folder; path = TextActions; sourceTree = "<group>"; };
		7AC3643C192D12FE0082ABBD /* OCAutodelete.h */ = {isa = PBXFileReference; fileEncoding = 4; lastKnownFileType = sourcecode.c.h; name = OCAutodelete.h; path = Classes/OCAutodelete.h; sourceTree = "<group>"; };
		7AC3643D192D12FE0082ABBD /* OCAutodelete.m */ = {isa = PBXFileReference; fileEncoding = 4; lastKnownFileType = sourcecode.c.objc; name = OCAutodelete.m; path = Classes/OCAutodelete.m; sourceTree = "<group>"; };
		7AEBDCB515F9264700C0006B /* OCAutoclose.h */ = {isa = PBXFileReference; fileEncoding = 4; lastKnownFileType = sourcecode.c.h; name = OCAutoclose.h; path = Classes/OCAutoclose.h; sourceTree = "<group>"; };
		7AEBDCB615F9264700C0006B /* OCAutoclose.m */ = {isa = PBXFileReference; fileEncoding = 4; lastKnownFileType = sourcecode.c.objc; name = OCAutoclose.m; path = Classes/OCAutoclose.m; sourceTree = "<group>"; };
/* End PBXFileReference section */

/* Begin PBXFrameworksBuildPhase section */
		7A1F58FC144797EC0095C33A /* Frameworks */ = {
			isa = PBXFrameworksBuildPhase;
			buildActionMask = 2147483647;
			files = (
				7A1F5904144797ED0095C33A /* Cocoa.framework in Frameworks */,
			);
			runOnlyForDeploymentPostprocessing = 0;
		};
/* End PBXFrameworksBuildPhase section */

/* Begin PBXGroup section */
		7A1F58F4144797EB0095C33A = {
			isa = PBXGroup;
			children = (
				7A1F5905144797ED0095C33A /* Autopair */,
				7A1F5902144797ED0095C33A /* Frameworks */,
				7A1F5901144797ED0095C33A /* Products */,
			);
			sourceTree = "<group>";
		};
		7A1F5901144797ED0095C33A /* Products */ = {
			isa = PBXGroup;
			children = (
				7A1F5900144797ED0095C33A /* Autopair.sugar */,
			);
			name = Products;
			sourceTree = "<group>";
		};
		7A1F5902144797ED0095C33A /* Frameworks */ = {
			isa = PBXGroup;
			children = (
				7A1F5903144797ED0095C33A /* Cocoa.framework */,
			);
			name = Frameworks;
			sourceTree = "<group>";
		};
		7A1F5905144797ED0095C33A /* Autopair */ = {
			isa = PBXGroup;
			children = (
				7A1F590F144798070095C33A /* Classes */,
				7A1F5909144797EE0095C33A /* XML Based */,
				7A1F5906144797EE0095C33A /* Supporting Files */,
				7A55E275144DF9C10053EE28 /* English.lproj */,
			);
			path = Autopair;
			sourceTree = "<group>";
		};
		7A1F5906144797EE0095C33A /* Supporting Files */ = {
			isa = PBXGroup;
			children = (
				7A1F5907144797EE0095C33A /* Prefix.pch */,
				7A1F5908144797EE0095C33A /* Info.plist */,
			);
			name = "Supporting Files";
			sourceTree = "<group>";
		};
		7A1F5909144797EE0095C33A /* XML Based */ = {
			isa = PBXGroup;
			children = (
				7A6195E31ADF1C27009DAD99 /* Scripts */,
				7A95F51915F8101B009A6DCE /* ContextualSettings */,
				7A95F51A15F8101B009A6DCE /* TextActions */,
			);
			path = "XML Based";
			sourceTree = "<group>";
		};
		7A1F590F144798070095C33A /* Classes */ = {
			isa = PBXGroup;
			children = (
				7A1F5910144798A40095C33A /* OCAutopair.h */,
				7A1F5911144798A40095C33A /* OCAutopair.m */,
				7AEBDCB515F9264700C0006B /* OCAutoclose.h */,
				7AEBDCB615F9264700C0006B /* OCAutoclose.m */,
				7AC3643C192D12FE0082ABBD /* OCAutodelete.h */,
				7AC3643D192D12FE0082ABBD /* OCAutodelete.m */,
			);
			name = Classes;
			sourceTree = "<group>";
		};
		7A55E275144DF9C10053EE28 /* English.lproj */ = {
			isa = PBXGroup;
			children = (
				7A95F51615F80E1A009A6DCE /* Localizable.strings */,
				7A55E271144DF9B90053EE28 /* OCAutopairPreferences.xib */,
			);
			name = English.lproj;
			sourceTree = "<group>";
		};
/* End PBXGroup section */

/* Begin PBXNativeTarget section */
		7A1F58FF144797EC0095C33A /* Autopair */ = {
			isa = PBXNativeTarget;
			buildConfigurationList = 7A1F590C144797EE0095C33A /* Build configuration list for PBXNativeTarget "Autopair" */;
			buildPhases = (
				7A1F58FB144797EC0095C33A /* Sources */,
				7A1F58FC144797EC0095C33A /* Frameworks */,
				7A1F58FD144797EC0095C33A /* Resources */,
				7A1F58FE144797EC0095C33A /* ShellScript */,
			);
			buildRules = (
			);
			dependencies = (
			);
			name = Autopair;
			productName = Autopair;
			productReference = 7A1F5900144797ED0095C33A /* Autopair.sugar */;
			productType = "com.apple.product-type.bundle";
		};
/* End PBXNativeTarget section */

/* Begin PBXProject section */
		7A1F58F6144797EB0095C33A /* Project object */ = {
			isa = PBXProject;
			attributes = {
				ORGANIZATIONNAME = MacRabbit;
			};
			buildConfigurationList = 7A1F58F9144797EB0095C33A /* Build configuration list for PBXProject "Autopair" */;
			compatibilityVersion = "Xcode 3.2";
			developmentRegion = English;
			hasScannedForEncodings = 0;
			knownRegions = (
				en,
				English,
			);
			mainGroup = 7A1F58F4144797EB0095C33A;
			productRefGroup = 7A1F5901144797ED0095C33A /* Products */;
			projectDirPath = "";
			projectRoot = "";
			targets = (
				7A1F58FF144797EC0095C33A /* Autopair */,
			);
		};
/* End PBXProject section */

/* Begin PBXResourcesBuildPhase section */
		7A1F58FD144797EC0095C33A /* Resources */ = {
			isa = PBXResourcesBuildPhase;
			buildActionMask = 2147483647;
			files = (
				7A55E273144DF9B90053EE28 /* OCAutopairPreferences.xib in Resources */,
				7A95F51815F80E1A009A6DCE /* Localizable.strings in Resources */,
			);
			runOnlyForDeploymentPostprocessing = 0;
		};
/* End PBXResourcesBuildPhase section */

/* Begin PBXShellScriptBuildPhase section */
		7A1F58FE144797EC0095C33A /* ShellScript */ = {
			isa = PBXShellScriptBuildPhase;
			buildActionMask = 2147483647;
			files = (
			);
			inputPaths = (
			);
			outputPaths = (
			);
			runOnlyForDeploymentPostprocessing = 0;
			shellPath = /bin/sh;
			shellScript = "# Copy all files in the \"XML Based\" folder into the root of the final Sugar\nrsync -a --exclude=\".*\"  \"$SRCROOT/$PRODUCT_NAME/XML Based/\" \"$TARGET_BUILD_DIR/$WRAPPER_NAME/\"";
		};
/* End PBXShellScriptBuildPhase section */

/* Begin PBXSourcesBuildPhase section */
		7A1F58FB144797EC0095C33A /* Sources */ = {
			isa = PBXSourcesBuildPhase;
			buildActionMask = 2147483647;
			files = (
				7AC3643E192D12FE0082ABBD /* OCAutodelete.m in Sources */,
				7A1F5912144798A40095C33A /* OCAutopair.m in Sources */,
				7AEBDCB715F9264700C0006B /* OCAutoclose.m in Sources */,
			);
			runOnlyForDeploymentPostprocessing = 0;
		};
/* End PBXSourcesBuildPhase section */

/* Begin PBXVariantGroup section */
		7A55E271144DF9B90053EE28 /* OCAutopairPreferences.xib */ = {
			isa = PBXVariantGroup;
			children = (
				7A55E272144DF9B90053EE28 /* English */,
			);
			name = OCAutopairPreferences.xib;
			sourceTree = "<group>";
		};
		7A95F51615F80E1A009A6DCE /* Localizable.strings */ = {
			isa = PBXVariantGroup;
			children = (
				7A95F51715F80E1A009A6DCE /* English */,
			);
			name = Localizable.strings;
			sourceTree = "<group>";
		};
/* End PBXVariantGroup section */

/* Begin XCBuildConfiguration section */
		7A1F590A144797EE0095C33A /* Debug */ = {
			isa = XCBuildConfiguration;
			buildSettings = {
				ARCHS = "$(ARCHS_STANDARD_32_64_BIT)";
				BUNDLE_LOADER = "";
				GCC_PREPROCESSOR_DEFINITIONS = NS_BUILD_32_LIKE_64;
				GCC_VERSION = com.apple.compilers.llvm.clang.1_0;
				GCC_WARN_64_TO_32_BIT_CONVERSION = YES;
				MACOSX_DEPLOYMENT_TARGET = 10.7;
				ONLY_ACTIVE_ARCH = NO;
				SDKROOT = macosx;
			};
			name = Debug;
		};
		7A1F590B144797EE0095C33A /* Release */ = {
			isa = XCBuildConfiguration;
			buildSettings = {
				ARCHS = "$(ARCHS_STANDARD_32_64_BIT)";
				BUNDLE_LOADER = "";
				GCC_PREPROCESSOR_DEFINITIONS = NS_BUILD_32_LIKE_64;
				GCC_VERSION = com.apple.compilers.llvm.clang.1_0;
				GCC_WARN_64_TO_32_BIT_CONVERSION = YES;
				MACOSX_DEPLOYMENT_TARGET = 10.7;
				ONLY_ACTIVE_ARCH = NO;
				SDKROOT = macosx;
			};
			name = Release;
		};
		7A1F590D144797EE0095C33A /* Debug */ = {
			isa = XCBuildConfiguration;
			buildSettings = {
				BUNDLE_LOADER = "$(ESPRESSO_PATH)/Contents/MacOS/Espresso";
				CLANG_LINK_OBJC_RUNTIME = NO;
				COPY_PHASE_STRIP = NO;
				ESPRESSO_PATH = /Applications/Espresso.app;
				GCC_DYNAMIC_NO_PIC = NO;
				GCC_ENABLE_OBJC_EXCEPTIONS = YES;
				GCC_PRECOMPILE_PREFIX_HEADER = YES;
				GCC_PREFIX_HEADER = Autopair/Prefix.pch;
				HEADER_SEARCH_PATHS = "$(ESPRESSO_PATH)/Contents/Headers";
				INFOPLIST_FILE = Autopair/Info.plist;
				PRODUCT_NAME = "$(TARGET_NAME)";
				SDKROOT = macosx10.7;
				VALID_ARCHS = x86_64;
				WRAPPER_EXTENSION = sugar;
			};
			name = Debug;
		};
		7A1F590E144797EE0095C33A /* Release */ = {
			isa = XCBuildConfiguration;
			buildSettings = {
				BUNDLE_LOADER = "$(ESPRESSO_PATH)/Contents/MacOS/Espresso";
				CLANG_LINK_OBJC_RUNTIME = NO;
				COPY_PHASE_STRIP = YES;
				DEBUG_INFORMATION_FORMAT = "dwarf-with-dsym";
				ESPRESSO_PATH = /Applications/Espresso.app;
				GCC_ENABLE_OBJC_EXCEPTIONS = YES;
				GCC_PRECOMPILE_PREFIX_HEADER = YES;
				GCC_PREFIX_HEADER = Autopair/Prefix.pch;
				HEADER_SEARCH_PATHS = "$(ESPRESSO_PATH)/Contents/Headers";
				INFOPLIST_FILE = Autopair/Info.plist;
				PRODUCT_NAME = "$(TARGET_NAME)";
				SDKROOT = macosx10.7;
				VALID_ARCHS = x86_64;
				WRAPPER_EXTENSION = sugar;
			};
			name = Release;
		};
/* End XCBuildConfiguration section */

/* Begin XCConfigurationList section */
		7A1F58F9144797EB0095C33A /* Build configuration list for PBXProject "Autopair" */ = {
			isa = XCConfigurationList;
			buildConfigurations = (
				7A1F590A144797EE0095C33A /* Debug */,
				7A1F590B144797EE0095C33A /* Release */,
			);
			defaultConfigurationIsVisible = 0;
			defaultConfigurationName = Release;
		};
		7A1F590C144797EE0095C33A /* Build configuration list for PBXNativeTarget "Autopair" */ = {
			isa = XCConfigurationList;
			buildConfigurations = (
				7A1F590D144797EE0095C33A /* Debug */,
				7A1F590E144797EE0095C33A /* Release */,
			);
			defaultConfigurationIsVisible = 0;
			defaultConfigurationName = Release;
		};
/* End XCConfigurationList section */
	};
	rootObject = 7A1F58F6144797EB0095C33A /* Project object */;
}
